
Microsoft Visual Studio Solution File, Format Version 12.00
# Visual Studio Version 16
VisualStudioVersion = 16.0.31727.386
MinimumVisualStudioVersion = 10.0.40219.1
Project("{FAE04EC0-301F-11D3-BF4B-00C04F79EFBC}") = "ControlApi", "ControlApi\ControlApi.csproj", "{D1D409F2-E7E5-439F-9AFC-F8C40CD9DA9A}"
EndProject
Project("{FAE04EC0-301F-11D3-BF4B-00C04F79EFBC}") = "DataAccessLibrary", "DataAccessLibrary\DataAccessLibrary.csproj", "{8C2ED88C-B4D6-409E-8018-2C9740175D33}"
EndProject
Project("{FAE04EC0-301F-11D3-BF4B-00C04F79EFBC}") = "SharedLibrary", "SharedLibrary\SharedLibrary.csproj", "{28A33E99-0876-46D9-AA71-15A59FD6335F}"
EndProject
Project("{FAE04EC0-301F-11D3-BF4B-00C04F79EFBC}") = "BusinessLibrary", "BusinessLibrary\BusinessLibrary.csproj", "{49F5DFE1-ED38-48C6-BE9C-2078161B474D}"
EndProject
Global
	GlobalSection(SolutionConfigurationPlatforms) = preSolution
		Debug|Any CPU = Debug|Any CPU
		Release|Any CPU = Release|Any CPU
	EndGlobalSection
	GlobalSection(ProjectConfigurationPlatforms) = postSolution
		{D1D409F2-E7E5-439F-9AFC-F8C40CD9DA9A}.Debug|Any CPU.ActiveCfg = Debug|Any CPU
		{D1D409F2-E7E5-439F-9AFC-F8C40CD9DA9A}.Debug|Any CPU.Build.0 = Debug|Any CPU
		{D1D409F2-E7E5-439F-9AFC-F8C40CD9DA9A}.Release|Any CPU.ActiveCfg = Release|Any CPU
		{D1D409F2-E7E5-439F-9AFC-F8C40CD9DA9A}.Release|Any CPU.Build.0 = Release|Any CPU
		{8C2ED88C-B4D6-409E-8018-2C9740175D33}.Debug|Any CPU.ActiveCfg = Debug|Any CPU
		{8C2ED88C-B4D6-409E-8018-2C9740175D33}.Debug|Any CPU.Build.0 = Debug|Any CPU
		{8C2ED88C-B4D6-409E-8018-2C9740175D33}.Release|Any CPU.ActiveCfg = Release|Any CPU
		{8C2ED88C-B4D6-409E-8018-2C9740175D33}.Release|Any CPU.Build.0 = Release|Any CPU
		{28A33E99-0876-46D9-AA71-15A59FD6335F}.Debug|Any CPU.ActiveCfg = Debug|Any CPU
		{28A33E99-0876-46D9-AA71-15A59FD6335F}.Debug|Any CPU.Build.0 = Debug|Any CPU
		{28A33E99-0876-46D9-AA71-15A59FD6335F}.Release|Any CPU.ActiveCfg = Release|Any CPU
		{28A33E99-0876-46D9-AA71-15A59FD6335F}.Release|Any CPU.Build.0 = Release|Any CPU
		{49F5DFE1-ED38-48C6-BE9C-2078161B474D}.Debug|Any CPU.ActiveCfg = Debug|Any CPU
		{49F5DFE1-ED38-48C6-BE9C-2078161B474D}.Debug|Any CPU.Build.0 = Debug|Any CPU
		{49F5DFE1-ED38-48C6-BE9C-2078161B474D}.Release|Any CPU.ActiveCfg = Release|Any CPU
		{49F5DFE1-ED38-48C6-BE9C-2078161B474D}.Release|Any CPU.Build.0 = Release|Any CPU
	EndGlobalSection
	GlobalSection(SolutionProperties) = preSolution
		HideSolutionNode = FALSE
	EndGlobalSection
	GlobalSection(ExtensibilityGlobals) = postSolution
		SolutionGuid = {2A347551-7051-4F2F-9041-CAF84C13F53D}
	EndGlobalSection
EndGlobal
